{
  "name": "papaya-viewer",
  "version": "1.0.1449",
  "lockfileVersion": 1,
  "requires": true,
  "dependencies": {
    "nifti-reader-js": {
      "version": "0.5.4",
      "resolved": "https://registry.npm.taobao.org/nifti-reader-js/download/nifti-reader-js-0.5.4.tgz",
      "integrity": "sha1-poNfYlq6P9C5HSVU2ZVFoA0PIWE=",
      "requires": {
        "pako": "*"
      }
    },
    "pako": {
      "version": "2.0.2",
      "resolved": "https://registry.npm.taobao.org/pako/download/pako-2.0.2.tgz?cache=0&sync_timestamp=1605743773891&other_urls=https%3A%2F%2Fregistry.npm.taobao.org%2Fpako%2Fdownload%2Fpako-2.0.2.tgz",
      "integrity": "sha1-inKvepNDHvIqqX4NU7CsqjxokiA="
    }
  }
}
